
Microsoft Visual Studio Solution File, Format Version 12.00
Project("{FAE04EC0-301F-11D3-BF4B-00C04F79EFBC}") = "RomanNumberPro", "RomanNumberPro\RomanNumberPro.csproj", "{15ACCE24-35C8-44D0-A82D-1C71EA52B9FA}"
EndProject
Global
	GlobalSection(SolutionConfigurationPlatforms) = preSolution
		Debug|Any CPU = Debug|Any CPU
		Release|Any CPU = Release|Any CPU
	EndGlobalSection
	GlobalSection(ProjectConfigurationPlatforms) = postSolution
		{15ACCE24-35C8-44D0-A82D-1C71EA52B9FA}.Debug|Any CPU.ActiveCfg = Debug|Any CPU
		{15ACCE24-35C8-44D0-A82D-1C71EA52B9FA}.Debug|Any CPU.Build.0 = Debug|Any CPU
		{15ACCE24-35C8-44D0-A82D-1C71EA52B9FA}.Release|Any CPU.ActiveCfg = Release|Any CPU
		{15ACCE24-35C8-44D0-A82D-1C71EA52B9FA}.Release|Any CPU.Build.0 = Release|Any CPU
	EndGlobalSection
EndGlobal
